
Microsoft Visual Studio Solution File, Format Version 12.00
# Visual Studio 15
VisualStudioVersion = 15.0.27703.2035
MinimumVisualStudioVersion = 10.0.40219.1
Project("{FAE04EC0-301F-11D3-BF4B-00C04F79EFBC}") = "P5-1Dipl_MVC_UASD_Estudiante_ImageUpload", "P5-1Dipl_MVC_UASD_Estudiante_ImageUpload\P5-1Dipl_MVC_UASD_Estudiante_ImageUpload.csproj", "{0D2A8B29-B93C-472F-8ABF-0DC567FC4F2F}"
EndProject
Global
	GlobalSection(SolutionConfigurationPlatforms) = preSolution
		Debug|Any CPU = Debug|Any CPU
		Release|Any CPU = Release|Any CPU
	EndGlobalSection
	GlobalSection(ProjectConfigurationPlatforms) = postSolution
		{0D2A8B29-B93C-472F-8ABF-0DC567FC4F2F}.Debug|Any CPU.ActiveCfg = Debug|Any CPU
		{0D2A8B29-B93C-472F-8ABF-0DC567FC4F2F}.Debug|Any CPU.Build.0 = Debug|Any CPU
		{0D2A8B29-B93C-472F-8ABF-0DC567FC4F2F}.Release|Any CPU.ActiveCfg = Release|Any CPU
		{0D2A8B29-B93C-472F-8ABF-0DC567FC4F2F}.Release|Any CPU.Build.0 = Release|Any CPU
	EndGlobalSection
	GlobalSection(SolutionProperties) = preSolution
		HideSolutionNode = FALSE
	EndGlobalSection
	GlobalSection(ExtensibilityGlobals) = postSolution
		SolutionGuid = {D6D9B146-2A3F-4AD7-A934-CE9311D9B7F4}
	EndGlobalSection
EndGlobal
